// !$*UTF8*$!
{
	archiveVersion = 1;
	classes = {
	};
	objectVersion = 77;
	objects = {

/* Begin PBXFileReference section */
		31C720ED2F7216C50028C4D6 /* README.MD */ = {isa = PBXFileReference; lastKnownFileType = net.daringfireball.markdown; path = README.MD; sourceTree = "<group>"; };
/* End PBXFileReference section */

/* Begin PBXFileSystemSynchronizedRootGroup section */
		31535E922F73540E00D80947 /* infrastructure */ = {
			isa = PBXFileSystemSynchronizedRootGroup;
			path = infrastructure;
			sourceTree = "<group>";
		};
		31535E952F7354B000D80947 /* apps */ = {
			isa = PBXFileSystemSynchronizedRootGroup;
			path = apps;
			sourceTree = "<group>";
		};
		31535EA02F73571F00D80947 /* argocd */ = {
			isa = PBXFileSystemSynchronizedRootGroup;
			path = argocd;
			sourceTree = "<group>";
		};
		31C720DD2F709C1A0028C4D6 /* docker */ = {
			isa = PBXFileSystemSynchronizedRootGroup;
			path = docker;
			sourceTree = "<group>";
		};
/* End PBXFileSystemSynchronizedRootGroup section */

/* Begin PBXGroup section */
		31C720D62F709C0B0028C4D6 = {
			isa = PBXGroup;
			children = (
				31535EA02F73571F00D80947 /* argocd */,
				31535E952F7354B000D80947 /* apps */,
				31535E922F73540E00D80947 /* infrastructure */,
				31C720ED2F7216C50028C4D6 /* README.MD */,
				31C720DD2F709C1A0028C4D6 /* docker */,
			);
			sourceTree = "<group>";
		};
/* End PBXGroup section */

/* Begin PBXProject section */
		31C720D72F709C0B0028C4D6 /* Project object */ = {
			isa = PBXProject;
			attributes = {
				BuildIndependentTargetsInParallel = 1;
				LastUpgradeCheck = 2630;
			};
			buildConfigurationList = 31C720DA2F709C0B0028C4D6 /* Build configuration list for PBXProject "scdb-k3s" */;
			developmentRegion = en;
			hasScannedForEncodings = 0;
			knownRegions = (
				en,
				Base,
			);
			mainGroup = 31C720D62F709C0B0028C4D6;
			minimizedProjectReferenceProxies = 1;
			preferredProjectObjectVersion = 77;
			projectDirPath = "";
			projectRoot = "";
			targets = (
			);
		};
/* End PBXProject section */

/* Begin XCBuildConfiguration section */
		31C720DB2F709C0B0028C4D6 /* Debug */ = {
			isa = XCBuildConfiguration;
			buildSettings = {
				DEVELOPMENT_TEAM = 2Q3A2PZ55B;
			};
			name = Debug;
		};
		31C720DC2F709C0B0028C4D6 /* Release */ = {
			isa = XCBuildConfiguration;
			buildSettings = {
				DEVELOPMENT_TEAM = 2Q3A2PZ55B;
			};
			name = Release;
		};
/* End XCBuildConfiguration section */

/* Begin XCConfigurationList section */
		31C720DA2F709C0B0028C4D6 /* Build configuration list for PBXProject "scdb-k3s" */ = {
			isa = XCConfigurationList;
			buildConfigurations = (
				31C720DB2F709C0B0028C4D6 /* Debug */,
				31C720DC2F709C0B0028C4D6 /* Release */,
			);
			defaultConfigurationIsVisible = 0;
			defaultConfigurationName = Release;
		};
/* End XCConfigurationList section */
	};
	rootObject = 31C720D72F709C0B0028C4D6 /* Project object */;
}
